
Microsoft Visual Studio Solution File, Format Version 12.00
# Visual Studio Version 17
VisualStudioVersion = 17.1.32210.238
MinimumVisualStudioVersion = 10.0.40219.1
Project("{FAE04EC0-301F-11D3-BF4B-00C04F79EFBC}") = "Teachers_Plan2", "Teachers_Plan2\Teachers_Plan2.csproj", "{E3EB47F9-16CD-499B-AB9C-7C11132DCB2B}"
EndProject
Global
	GlobalSection(SolutionConfigurationPlatforms) = preSolution
		Debug|Any CPU = Debug|Any CPU
		Release|Any CPU = Release|Any CPU
	EndGlobalSection
	GlobalSection(ProjectConfigurationPlatforms) = postSolution
		{E3EB47F9-16CD-499B-AB9C-7C11132DCB2B}.Debug|Any CPU.ActiveCfg = Debug|Any CPU
		{E3EB47F9-16CD-499B-AB9C-7C11132DCB2B}.Debug|Any CPU.Build.0 = Debug|Any CPU
		{E3EB47F9-16CD-499B-AB9C-7C11132DCB2B}.Release|Any CPU.ActiveCfg = Release|Any CPU
		{E3EB47F9-16CD-499B-AB9C-7C11132DCB2B}.Release|Any CPU.Build.0 = Release|Any CPU
	EndGlobalSection
	GlobalSection(SolutionProperties) = preSolution
		HideSolutionNode = FALSE
	EndGlobalSection
	GlobalSection(ExtensibilityGlobals) = postSolution
		SolutionGuid = {BDEA273D-9713-4B14-9DCF-D3E6CBB5B617}
	EndGlobalSection
EndGlobal
